
Microsoft Visual Studio Solution File, Format Version 12.00
# Visual Studio Version 16
VisualStudioVersion = 16.0.31402.337
MinimumVisualStudioVersion = 10.0.40219.1
Project("{FAE04EC0-301F-11D3-BF4B-00C04F79EFBC}") = "Lms.Api", "Lms.Api\Lms.Api.csproj", "{0DC3C33E-BA09-45FE-AF78-CCC0F924D1A8}"
EndProject
Project("{FAE04EC0-301F-11D3-BF4B-00C04F79EFBC}") = "Lms.Core", "Lms.Core\Lms.Core.csproj", "{92537B24-3460-46CB-BDB8-99FA8499949A}"
EndProject
Project("{FAE04EC0-301F-11D3-BF4B-00C04F79EFBC}") = "Lms.Data", "Lms.Data\Lms.Data.csproj", "{30D953E7-8802-49C6-A542-417D565FAE33}"
EndProject
Global
	GlobalSection(SolutionConfigurationPlatforms) = preSolution
		Debug|Any CPU = Debug|Any CPU
		Release|Any CPU = Release|Any CPU
	EndGlobalSection
	GlobalSection(ProjectConfigurationPlatforms) = postSolution
		{0DC3C33E-BA09-45FE-AF78-CCC0F924D1A8}.Debug|Any CPU.ActiveCfg = Debug|Any CPU
		{0DC3C33E-BA09-45FE-AF78-CCC0F924D1A8}.Debug|Any CPU.Build.0 = Debug|Any CPU
		{0DC3C33E-BA09-45FE-AF78-CCC0F924D1A8}.Release|Any CPU.ActiveCfg = Release|Any CPU
		{0DC3C33E-BA09-45FE-AF78-CCC0F924D1A8}.Release|Any CPU.Build.0 = Release|Any CPU
		{92537B24-3460-46CB-BDB8-99FA8499949A}.Debug|Any CPU.ActiveCfg = Debug|Any CPU
		{92537B24-3460-46CB-BDB8-99FA8499949A}.Debug|Any CPU.Build.0 = Debug|Any CPU
		{92537B24-3460-46CB-BDB8-99FA8499949A}.Release|Any CPU.ActiveCfg = Release|Any CPU
		{92537B24-3460-46CB-BDB8-99FA8499949A}.Release|Any CPU.Build.0 = Release|Any CPU
		{30D953E7-8802-49C6-A542-417D565FAE33}.Debug|Any CPU.ActiveCfg = Debug|Any CPU
		{30D953E7-8802-49C6-A542-417D565FAE33}.Debug|Any CPU.Build.0 = Debug|Any CPU
		{30D953E7-8802-49C6-A542-417D565FAE33}.Release|Any CPU.ActiveCfg = Release|Any CPU
		{30D953E7-8802-49C6-A542-417D565FAE33}.Release|Any CPU.Build.0 = Release|Any CPU
	EndGlobalSection
	GlobalSection(SolutionProperties) = preSolution
		HideSolutionNode = FALSE
	EndGlobalSection
	GlobalSection(ExtensibilityGlobals) = postSolution
		SolutionGuid = {24C94C4E-50B7-4086-8BD0-6007318FD9C3}
	EndGlobalSection
EndGlobal
